
Microsoft Visual Studio Solution File, Format Version 12.00
# Visual Studio Version 16
VisualStudioVersion = 16.0.29411.108
MinimumVisualStudioVersion = 10.0.40219.1
Project("{FAE04EC0-301F-11D3-BF4B-00C04F79EFBC}") = "HolidaySales", "HolidaySales\HolidaySales.csproj", "{B9359362-D68C-47C3-B6D7-4E73F579C5B1}"
EndProject
Global
	GlobalSection(SolutionConfigurationPlatforms) = preSolution
		Debug|Any CPU = Debug|Any CPU
		Release|Any CPU = Release|Any CPU
	EndGlobalSection
	GlobalSection(ProjectConfigurationPlatforms) = postSolution
		{B9359362-D68C-47C3-B6D7-4E73F579C5B1}.Debug|Any CPU.ActiveCfg = Debug|Any CPU
		{B9359362-D68C-47C3-B6D7-4E73F579C5B1}.Debug|Any CPU.Build.0 = Debug|Any CPU
		{B9359362-D68C-47C3-B6D7-4E73F579C5B1}.Release|Any CPU.ActiveCfg = Release|Any CPU
		{B9359362-D68C-47C3-B6D7-4E73F579C5B1}.Release|Any CPU.Build.0 = Release|Any CPU
	EndGlobalSection
	GlobalSection(SolutionProperties) = preSolution
		HideSolutionNode = FALSE
	EndGlobalSection
	GlobalSection(ExtensibilityGlobals) = postSolution
		SolutionGuid = {7E5C39C5-4F34-49AE-885B-4A86BA796768}
	EndGlobalSection
EndGlobal
